
Microsoft Visual Studio Solution File, Format Version 12.00
# Visual Studio 15
VisualStudioVersion = 15.0.26430.16
MinimumVisualStudioVersion = 10.0.40219.1
Project("{FAE04EC0-301F-11D3-BF4B-00C04F79EFBC}") = "CodeBreaker.UnitTests", "CodeBreaker.UnitTests\CodeBreaker.UnitTests.csproj", "{C39E1A9E-2FCC-48C1-B126-39772F0EFED1}"
EndProject
Project("{FAE04EC0-301F-11D3-BF4B-00C04F79EFBC}") = "CodeBreakerConsole", "CodeBreakerConsole\CodeBreakerConsole.csproj", "{ACE1DA1F-FA70-422F-96BB-E4A0A513BE8D}"
EndProject
Global
	GlobalSection(SolutionConfigurationPlatforms) = preSolution
		Debug|Any CPU = Debug|Any CPU
		Release|Any CPU = Release|Any CPU
	EndGlobalSection
	GlobalSection(ProjectConfigurationPlatforms) = postSolution
		{C39E1A9E-2FCC-48C1-B126-39772F0EFED1}.Debug|Any CPU.ActiveCfg = Debug|Any CPU
		{C39E1A9E-2FCC-48C1-B126-39772F0EFED1}.Debug|Any CPU.Build.0 = Debug|Any CPU
		{C39E1A9E-2FCC-48C1-B126-39772F0EFED1}.Release|Any CPU.ActiveCfg = Release|Any CPU
		{C39E1A9E-2FCC-48C1-B126-39772F0EFED1}.Release|Any CPU.Build.0 = Release|Any CPU
		{ACE1DA1F-FA70-422F-96BB-E4A0A513BE8D}.Debug|Any CPU.ActiveCfg = Debug|Any CPU
		{ACE1DA1F-FA70-422F-96BB-E4A0A513BE8D}.Debug|Any CPU.Build.0 = Debug|Any CPU
		{ACE1DA1F-FA70-422F-96BB-E4A0A513BE8D}.Release|Any CPU.ActiveCfg = Release|Any CPU
		{ACE1DA1F-FA70-422F-96BB-E4A0A513BE8D}.Release|Any CPU.Build.0 = Release|Any CPU
	EndGlobalSection
	GlobalSection(SolutionProperties) = preSolution
		HideSolutionNode = FALSE
	EndGlobalSection
EndGlobal
